github.com/caffix/stringset v0.0.0-20201218010526-98e8a55d06a0 h1:c3mDsAx+jWfYpgKiNWuNzaRYvtb9OpFAT5aLZ55G2jA=
github.com/caffix/stringset v0.0.0-20201218015502-4f60634ff035 h1:wFUL+cdCb5erB1HJHGYrtm5i6Y2LYpCq3wFef7XNii4=
github.com/caffix/stringset v0.0.0-20201218015502-4f60634ff035/go.mod h1:28GU9FTlJHzfjrFJ5Ep7vmXNkSSM3JF0miNt7ZM9V5w=
